{
  "name": "athenai",
  "version": "1.0.0",
  "lockfileVersion": 3,
  "requires": true,
  "packages": {
    "": {
      "name": "athenai",
      "version": "1.0.0",
      "dependencies": {
        "@fontsource/montserrat": "^5.0.0",
        "framer-motion": "^11.0.3",
        "lucide-react": "^0.344.0",
        "react": "^18.3.1",
        "react-dom": "^18.3.1",
        "typewriter-effect": "^2.19.0",
        "react-simple-typewriter": "^2.0.0",
        "react-swipeable": "^7.0.2"
      }
    },
    "node_modules/react-swipeable": {
      "version": "7.0.2",
      "resolved": "https://registry.npmjs.org/react-swipeable/-/react-swipeable-7.0.2.tgz",
      "integrity": "sha512-...",
      "engines": {
        "node": ">=12"
      },
      "peerDependencies": {
        "react": ">=16.8.0"
      }
    }
  },
  "dependencies": {
    "react-swipeable": {
      "version": "7.0.2",
      "resolved": "https://registry.npmjs.org/react-swipeable/-/react-swipeable-7.0.2.tgz",
      "integrity": "sha512-...",
      "requires": {
        "react": ">=16.8.0"
      }
    }
  }
}
